// !$*UTF8*$!
{
	archiveVersion = 1;
	classes = {
	};
	objectVersion = 56;
	objects = {

/* Begin PBXBuildFile section */
		A1056CC82B3E24A30072E050 /* MapCategoryManager.swift in Sources */ = {isa = PBXBuildFile; fileRef = A1056CC72B3E24A30072E050 /* MapCategoryManager.swift */; };
		A105EBD52B51C8C00001F5C7 /* OldVersionsOfScreens.swift in Sources */ = {isa = PBXBuildFile; fileRef = A105EBD42B51C8BF0001F5C7 /* OldVersionsOfScreens.swift */; };
		A180E9862B407F5200B0514A /* DataModels.swift in Sources */ = {isa = PBXBuildFile; fileRef = A180E9852B407F5200B0514A /* DataModels.swift */; };
		A180E98E2B4081DB00B0514A /* ViewModels.swift in Sources */ = {isa = PBXBuildFile; fileRef = A180E98D2B4081DB00B0514A /* ViewModels.swift */; };
		A180E9922B40ABA900B0514A /* ExplorePageViews.swift in Sources */ = {isa = PBXBuildFile; fileRef = A180E9912B40ABA900B0514A /* ExplorePageViews.swift */; };
		A19CCE0B2B6BEFFF00D2419A /* Explore.swift in Sources */ = {isa = PBXBuildFile; fileRef = A19CCE0A2B6BEFFF00D2419A /* Explore.swift */; };
		A19CCE0D2B6BF06700D2419A /* HScroll.swift in Sources */ = {isa = PBXBuildFile; fileRef = A19CCE0C2B6BF06700D2419A /* HScroll.swift */; };
		A19CCE0F2B6BF18900D2419A /* SchoolPage.swift in Sources */ = {isa = PBXBuildFile; fileRef = A19CCE0E2B6BF18900D2419A /* SchoolPage.swift */; };
		A19CCE112B753E6100D2419A /* Map.swift in Sources */ = {isa = PBXBuildFile; fileRef = A19CCE102B753E6100D2419A /* Map.swift */; };
		A19CCE132B753F2D00D2419A /* LocationInfo.swift in Sources */ = {isa = PBXBuildFile; fileRef = A19CCE122B753F2D00D2419A /* LocationInfo.swift */; };
		A19CCE152B753F5E00D2419A /* LocationReviews.swift in Sources */ = {isa = PBXBuildFile; fileRef = A19CCE142B753F5E00D2419A /* LocationReviews.swift */; };
		A19CCE172B753FC300D2419A /* SearchPageView.swift in Sources */ = {isa = PBXBuildFile; fileRef = A19CCE162B753FC300D2419A /* SearchPageView.swift */; };
		E60F7C752B3CD43300468BCC /* ProfilePage.swift in Sources */ = {isa = PBXBuildFile; fileRef = E60F7C742B3CD43300468BCC /* ProfilePage.swift */; };
		E61CE1D82B45F990009EB5D6 /* LoginPageView.swift in Sources */ = {isa = PBXBuildFile; fileRef = E61CE1D72B45F990009EB5D6 /* LoginPageView.swift */; };
		E61CE1DA2B45F9D4009EB5D6 /* AuthState.swift in Sources */ = {isa = PBXBuildFile; fileRef = E61CE1D92B45F9D4009EB5D6 /* AuthState.swift */; };
		E61CE1DC2B45FA29009EB5D6 /* UserManager.swift in Sources */ = {isa = PBXBuildFile; fileRef = E61CE1DB2B45FA29009EB5D6 /* UserManager.swift */; };
		E61CE1E02B45FE66009EB5D6 /* PasswordResetView.swift in Sources */ = {isa = PBXBuildFile; fileRef = E61CE1DF2B45FE66009EB5D6 /* PasswordResetView.swift */; };
		E61CE1E22B460093009EB5D6 /* SignUpView.swift in Sources */ = {isa = PBXBuildFile; fileRef = E61CE1E12B460093009EB5D6 /* SignUpView.swift */; };
		E61CE1E42B4A219C009EB5D6 /* ForumsTemplate.swift in Sources */ = {isa = PBXBuildFile; fileRef = E61CE1E32B4A219C009EB5D6 /* ForumsTemplate.swift */; };
		E646D0D92B5B3B5900805CE5 /* MainView.swift in Sources */ = {isa = PBXBuildFile; fileRef = E646D0D82B5B3B5900805CE5 /* MainView.swift */; };
		E670FACF2B268F6D00BB3692 /* CTApp.swift in Sources */ = {isa = PBXBuildFile; fileRef = E670FACE2B268F6D00BB3692 /* CTApp.swift */; };
		E670FAD32B268F6F00BB3692 /* Assets.xcassets in Resources */ = {isa = PBXBuildFile; fileRef = E670FAD22B268F6F00BB3692 /* Assets.xcassets */; };
		E670FAD72B268F6F00BB3692 /* Preview Assets.xcassets in Resources */ = {isa = PBXBuildFile; fileRef = E670FAD62B268F6F00BB3692 /* Preview Assets.xcassets */; };
		E670FAE12B268F6F00BB3692 /* CTTests.swift in Sources */ = {isa = PBXBuildFile; fileRef = E670FAE02B268F6F00BB3692 /* CTTests.swift */; };
		E670FAEB2B268F6F00BB3692 /* CTUITests.swift in Sources */ = {isa = PBXBuildFile; fileRef = E670FAEA2B268F6F00BB3692 /* CTUITests.swift */; };
		E670FAED2B268F6F00BB3692 /* CTUITestsLaunchTests.swift in Sources */ = {isa = PBXBuildFile; fileRef = E670FAEC2B268F6F00BB3692 /* CTUITestsLaunchTests.swift */; };
		E6D2D35E2B2B8BC90093872A /* FirebaseAnalytics in Frameworks */ = {isa = PBXBuildFile; productRef = E6D2D35D2B2B8BC90093872A /* FirebaseAnalytics */; };
		E6D2D3602B2B8BC90093872A /* FirebaseAnalyticsOnDeviceConversion in Frameworks */ = {isa = PBXBuildFile; productRef = E6D2D35F2B2B8BC90093872A /* FirebaseAnalyticsOnDeviceConversion */; };
		E6D2D3622B2B8BC90093872A /* FirebaseAnalyticsSwift in Frameworks */ = {isa = PBXBuildFile; productRef = E6D2D3612B2B8BC90093872A /* FirebaseAnalyticsSwift */; };
		E6D2D3642B2B8BC90093872A /* FirebaseAuth in Frameworks */ = {isa = PBXBuildFile; productRef = E6D2D3632B2B8BC90093872A /* FirebaseAuth */; };
		E6D2D3662B2B8BC90093872A /* FirebaseDatabase in Frameworks */ = {isa = PBXBuildFile; productRef = E6D2D3652B2B8BC90093872A /* FirebaseDatabase */; };
		E6D2D3682B2B8BC90093872A /* FirebaseDatabaseSwift in Frameworks */ = {isa = PBXBuildFile; productRef = E6D2D3672B2B8BC90093872A /* FirebaseDatabaseSwift */; };
		E6D2D36A2B2B8BC90093872A /* FirebaseFirestore in Frameworks */ = {isa = PBXBuildFile; productRef = E6D2D3692B2B8BC90093872A /* FirebaseFirestore */; };
		E6D2D36C2B2B8BC90093872A /* FirebaseFirestoreCombine-Community in Frameworks */ = {isa = PBXBuildFile; productRef = E6D2D36B2B2B8BC90093872A /* FirebaseFirestoreCombine-Community */; };
		E6D2D36E2B2B8BC90093872A /* FirebaseFirestoreSwift in Frameworks */ = {isa = PBXBuildFile; productRef = E6D2D36D2B2B8BC90093872A /* FirebaseFirestoreSwift */; };
		E6D2D3722B2B94460093872A /* GoogleService-Info.plist in Resources */ = {isa = PBXBuildFile; fileRef = E6D2D3712B2B94460093872A /* GoogleService-Info.plist */; };
/* End PBXBuildFile section */

/* Begin PBXContainerItemProxy section */
		E670FADD2B268F6F00BB3692 /* PBXContainerItemProxy */ = {
			isa = PBXContainerItemProxy;
			containerPortal = E670FAC32B268F6D00BB3692 /* Project object */;
			proxyType = 1;
			remoteGlobalIDString = E670FACA2B268F6D00BB3692;
			remoteInfo = CT;
		};
		E670FAE72B268F6F00BB3692 /* PBXContainerItemProxy */ = {
			isa = PBXContainerItemProxy;
			containerPortal = E670FAC32B268F6D00BB3692 /* Project object */;
			proxyType = 1;
			remoteGlobalIDString = E670FACA2B268F6D00BB3692;
			remoteInfo = CT;
		};
/* End PBXContainerItemProxy section */

/* Begin PBXFileReference section */
		A1056CC72B3E24A30072E050 /* MapCategoryManager.swift */ = {isa = PBXFileReference; lastKnownFileType = sourcecode.swift; path = MapCategoryManager.swift; sourceTree = "<group>"; };
		A105EBD42B51C8BF0001F5C7 /* OldVersionsOfScreens.swift */ = {isa = PBXFileReference; lastKnownFileType = sourcecode.swift; path = OldVersionsOfScreens.swift; sourceTree = "<group>"; };
		A180E9852B407F5200B0514A /* DataModels.swift */ = {isa = PBXFileReference; lastKnownFileType = sourcecode.swift; path = DataModels.swift; sourceTree = "<group>"; };
		A180E98D2B4081DB00B0514A /* ViewModels.swift */ = {isa = PBXFileReference; lastKnownFileType = sourcecode.swift; path = ViewModels.swift; sourceTree = "<group>"; };
		A180E9912B40ABA900B0514A /* ExplorePageViews.swift */ = {isa = PBXFileReference; lastKnownFileType = sourcecode.swift; path = ExplorePageViews.swift; sourceTree = "<group>"; };
		A19CCE0A2B6BEFFF00D2419A /* Explore.swift */ = {isa = PBXFileReference; lastKnownFileType = sourcecode.swift; path = Explore.swift; sourceTree = "<group>"; };
		A19CCE0C2B6BF06700D2419A /* HScroll.swift */ = {isa = PBXFileReference; lastKnownFileType = sourcecode.swift; path = HScroll.swift; sourceTree = "<group>"; };
		A19CCE0E2B6BF18900D2419A /* SchoolPage.swift */ = {isa = PBXFileReference; lastKnownFileType = sourcecode.swift; path = SchoolPage.swift; sourceTree = "<group>"; };
		A19CCE102B753E6100D2419A /* Map.swift */ = {isa = PBXFileReference; lastKnownFileType = sourcecode.swift; path = Map.swift; sourceTree = "<group>"; };
		A19CCE122B753F2D00D2419A /* LocationInfo.swift */ = {isa = PBXFileReference; lastKnownFileType = sourcecode.swift; path = LocationInfo.swift; sourceTree = "<group>"; };
		A19CCE142B753F5E00D2419A /* LocationReviews.swift */ = {isa = PBXFileReference; lastKnownFileType = sourcecode.swift; path = LocationReviews.swift; sourceTree = "<group>"; };
		A19CCE162B753FC300D2419A /* SearchPageView.swift */ = {isa = PBXFileReference; lastKnownFileType = sourcecode.swift; path = SearchPageView.swift; sourceTree = "<group>"; };
		E60F7C742B3CD43300468BCC /* ProfilePage.swift */ = {isa = PBXFileReference; lastKnownFileType = sourcecode.swift; path = ProfilePage.swift; sourceTree = "<group>"; };
		E61CE1D72B45F990009EB5D6 /* LoginPageView.swift */ = {isa = PBXFileReference; lastKnownFileType = sourcecode.swift; path = LoginPageView.swift; sourceTree = "<group>"; };
		E61CE1D92B45F9D4009EB5D6 /* AuthState.swift */ = {isa = PBXFileReference; lastKnownFileType = sourcecode.swift; path = AuthState.swift; sourceTree = "<group>"; };
		E61CE1DB2B45FA29009EB5D6 /* UserManager.swift */ = {isa = PBXFileReference; lastKnownFileType = sourcecode.swift; path = UserManager.swift; sourceTree = "<group>"; };
		E61CE1DF2B45FE66009EB5D6 /* PasswordResetView.swift */ = {isa = PBXFileReference; lastKnownFileType = sourcecode.swift; path = PasswordResetView.swift; sourceTree = "<group>"; };
		E61CE1E12B460093009EB5D6 /* SignUpView.swift */ = {isa = PBXFileReference; lastKnownFileType = sourcecode.swift; path = SignUpView.swift; sourceTree = "<group>"; };
		E61CE1E32B4A219C009EB5D6 /* ForumsTemplate.swift */ = {isa = PBXFileReference; lastKnownFileType = sourcecode.swift; path = ForumsTemplate.swift; sourceTree = "<group>"; };
		E646D0D82B5B3B5900805CE5 /* MainView.swift */ = {isa = PBXFileReference; lastKnownFileType = sourcecode.swift; name = MainView.swift; path = ../Authentication/MainView.swift; sourceTree = "<group>"; };
		E670FACB2B268F6D00BB3692 /* CT.app */ = {isa = PBXFileReference; explicitFileType = wrapper.application; includeInIndex = 0; path = CT.app; sourceTree = BUILT_PRODUCTS_DIR; };
		E670FACE2B268F6D00BB3692 /* CTApp.swift */ = {isa = PBXFileReference; lastKnownFileType = sourcecode.swift; path = CTApp.swift; sourceTree = "<group>"; };
		E670FAD22B268F6F00BB3692 /* Assets.xcassets */ = {isa = PBXFileReference; lastKnownFileType = folder.assetcatalog; path = Assets.xcassets; sourceTree = "<group>"; };
		E670FAD42B268F6F00BB3692 /* CT.entitlements */ = {isa = PBXFileReference; lastKnownFileType = text.plist.entitlements; path = CT.entitlements; sourceTree = "<group>"; };
		E670FAD62B268F6F00BB3692 /* Preview Assets.xcassets */ = {isa = PBXFileReference; lastKnownFileType = folder.assetcatalog; path = "Preview Assets.xcassets"; sourceTree = "<group>"; };
		E670FADC2B268F6F00BB3692 /* CTTests.xctest */ = {isa = PBXFileReference; explicitFileType = wrapper.cfbundle; includeInIndex = 0; path = CTTests.xctest; sourceTree = BUILT_PRODUCTS_DIR; };
		E670FAE02B268F6F00BB3692 /* CTTests.swift */ = {isa = PBXFileReference; lastKnownFileType = sourcecode.swift; path = CTTests.swift; sourceTree = "<group>"; };
		E670FAE62B268F6F00BB3692 /* CTUITests.xctest */ = {isa = PBXFileReference; explicitFileType = wrapper.cfbundle; includeInIndex = 0; path = CTUITests.xctest; sourceTree = BUILT_PRODUCTS_DIR; };
		E670FAEA2B268F6F00BB3692 /* CTUITests.swift */ = {isa = PBXFileReference; lastKnownFileType = sourcecode.swift; path = CTUITests.swift; sourceTree = "<group>"; };
		E670FAEC2B268F6F00BB3692 /* CTUITestsLaunchTests.swift */ = {isa = PBXFileReference; lastKnownFileType = sourcecode.swift; path = CTUITestsLaunchTests.swift; sourceTree = "<group>"; };
		E6D2D3702B2B93DF0093872A /* GoogleService-Info (1).plist */ = {isa = PBXFileReference; lastKnownFileType = text.plist.xml; name = "GoogleService-Info (1).plist"; path = "../../Downloads/GoogleService-Info (1).plist"; sourceTree = "<group>"; };
		E6D2D3712B2B94460093872A /* GoogleService-Info.plist */ = {isa = PBXFileReference; fileEncoding = 4; lastKnownFileType = text.plist.xml; path = "GoogleService-Info.plist"; sourceTree = "<group>"; };
/* End PBXFileReference section */

/* Begin PBXFrameworksBuildPhase section */
		E670FAC82B268F6D00BB3692 /* Frameworks */ = {
			isa = PBXFrameworksBuildPhase;
			buildActionMask = 2147483647;
			files = (
				E6D2D3682B2B8BC90093872A /* FirebaseDatabaseSwift in Frameworks */,
				E6D2D36C2B2B8BC90093872A /* FirebaseFirestoreCombine-Community in Frameworks */,
				E6D2D3662B2B8BC90093872A /* FirebaseDatabase in Frameworks */,
				E6D2D3622B2B8BC90093872A /* FirebaseAnalyticsSwift in Frameworks */,
				E6D2D35E2B2B8BC90093872A /* FirebaseAnalytics in Frameworks */,
				E6D2D3602B2B8BC90093872A /* FirebaseAnalyticsOnDeviceConversion in Frameworks */,
				E6D2D3642B2B8BC90093872A /* FirebaseAuth in Frameworks */,
				E6D2D36A2B2B8BC90093872A /* FirebaseFirestore in Frameworks */,
				E6D2D36E2B2B8BC90093872A /* FirebaseFirestoreSwift in Frameworks */,
			);
			runOnlyForDeploymentPostprocessing = 0;
		};
		E670FAD92B268F6F00BB3692 /* Frameworks */ = {
			isa = PBXFrameworksBuildPhase;
			buildActionMask = 2147483647;
			files = (
			);
			runOnlyForDeploymentPostprocessing = 0;
		};
		E670FAE32B268F6F00BB3692 /* Frameworks */ = {
			isa = PBXFrameworksBuildPhase;
			buildActionMask = 2147483647;
			files = (
			);
			runOnlyForDeploymentPostprocessing = 0;
		};
/* End PBXFrameworksBuildPhase section */

/* Begin PBXGroup section */
		A1056CCD2B3E24F30072E050 /* MapFolder */ = {
			isa = PBXGroup;
			children = (
				A1056CC72B3E24A30072E050 /* MapCategoryManager.swift */,
			);
			path = MapFolder;
			sourceTree = "<group>";
		};
		A180E9842B407F3800B0514A /* New Screens */ = {
			isa = PBXGroup;
			children = (
				E60F7C742B3CD43300468BCC /* ProfilePage.swift */,
				E646D0D82B5B3B5900805CE5 /* MainView.swift */,
				A19CCE122B753F2D00D2419A /* LocationInfo.swift */,
				A180E9852B407F5200B0514A /* DataModels.swift */,
				A105EBD42B51C8BF0001F5C7 /* OldVersionsOfScreens.swift */,
				A180E98D2B4081DB00B0514A /* ViewModels.swift */,
				A19CCE162B753FC300D2419A /* SearchPageView.swift */,
				A19CCE142B753F5E00D2419A /* LocationReviews.swift */,
				A19CCE0E2B6BF18900D2419A /* SchoolPage.swift */,
				A19CCE0C2B6BF06700D2419A /* HScroll.swift */,
				A19CCE0A2B6BEFFF00D2419A /* Explore.swift */,
				E61CE1E32B4A219C009EB5D6 /* ForumsTemplate.swift */,
				A180E9912B40ABA900B0514A /* ExplorePageViews.swift */,
				A19CCE102B753E6100D2419A /* Map.swift */,
			);
			path = "New Screens";
			sourceTree = "<group>";
		};
		A180E9932B44988D00B0514A /* Authentication */ = {
			isa = PBXGroup;
			children = (
				E68E42542B754C9C006CE026 /* Authentication Functions */,
				E68E42502B754C1E006CE026 /* Login */,
				E68E42512B754C2B006CE026 /* SignUp */,
				E68E42532B754C75006CE026 /* PasswordReset */,
			);
			path = Authentication;
			sourceTree = "<group>";
		};
		E66DB8542B26D1C8009F9359 /* Models */ = {
			isa = PBXGroup;
			children = (
			);
			path = Models;
			sourceTree = "<group>";
		};
		E66DB8562B26D1E9009F9359 /* ViewModels */ = {
			isa = PBXGroup;
			children = (
			);
			path = ViewModels;
			sourceTree = "<group>";
		};
		E66DB8572B26D1FA009F9359 /* Screens */ = {
			isa = PBXGroup;
			children = (
				A180E9932B44988D00B0514A /* Authentication */,
				A180E9842B407F3800B0514A /* New Screens */,
				A1056CCD2B3E24F30072E050 /* MapFolder */,
			);
			path = Screens;
			sourceTree = "<group>";
		};
		E66DB8582B26D23D009F9359 /* Views */ = {
			isa = PBXGroup;
			children = (
				E6D2D3712B2B94460093872A /* GoogleService-Info.plist */,
				E670FACE2B268F6D00BB3692 /* CTApp.swift */,
			);
			path = Views;
			sourceTree = "<group>";
		};
		E670FAC22B268F6D00BB3692 = {
			isa = PBXGroup;
			children = (
				E670FACD2B268F6D00BB3692 /* CT */,
				E670FADF2B268F6F00BB3692 /* CTTests */,
				E670FAE92B268F6F00BB3692 /* CTUITests */,
				E670FACC2B268F6D00BB3692 /* Products */,
				E6D2D36F2B2B93DF0093872A /* Frameworks */,
			);
			sourceTree = "<group>";
		};
		E670FACC2B268F6D00BB3692 /* Products */ = {
			isa = PBXGroup;
			children = (
				E670FACB2B268F6D00BB3692 /* CT.app */,
				E670FADC2B268F6F00BB3692 /* CTTests.xctest */,
				E670FAE62B268F6F00BB3692 /* CTUITests.xctest */,
			);
			name = Products;
			sourceTree = "<group>";
		};
		E670FACD2B268F6D00BB3692 /* CT */ = {
			isa = PBXGroup;
			children = (
				E66DB8572B26D1FA009F9359 /* Screens */,
				E66DB8562B26D1E9009F9359 /* ViewModels */,
				E66DB8582B26D23D009F9359 /* Views */,
				E66DB8542B26D1C8009F9359 /* Models */,
				E670FAD22B268F6F00BB3692 /* Assets.xcassets */,
				E670FAD42B268F6F00BB3692 /* CT.entitlements */,
				E670FAD52B268F6F00BB3692 /* Preview Content */,
			);
			path = CT;
			sourceTree = "<group>";
		};
		E670FAD52B268F6F00BB3692 /* Preview Content */ = {
			isa = PBXGroup;
			children = (
				E670FAD62B268F6F00BB3692 /* Preview Assets.xcassets */,
			);
			path = "Preview Content";
			sourceTree = "<group>";
		};
		E670FADF2B268F6F00BB3692 /* CTTests */ = {
			isa = PBXGroup;
			children = (
				E670FAE02B268F6F00BB3692 /* CTTests.swift */,
			);
			path = CTTests;
			sourceTree = "<group>";
		};
		E670FAE92B268F6F00BB3692 /* CTUITests */ = {
			isa = PBXGroup;
			children = (
				E670FAEA2B268F6F00BB3692 /* CTUITests.swift */,
				E670FAEC2B268F6F00BB3692 /* CTUITestsLaunchTests.swift */,
			);
			path = CTUITests;
			sourceTree = "<group>";
		};
		E68E42502B754C1E006CE026 /* Login */ = {
			isa = PBXGroup;
			children = (
				E61CE1D72B45F990009EB5D6 /* LoginPageView.swift */,
			);
			path = Login;
			sourceTree = "<group>";
		};
		E68E42512B754C2B006CE026 /* SignUp */ = {
			isa = PBXGroup;
			children = (
				E61CE1E12B460093009EB5D6 /* SignUpView.swift */,
			);
			path = SignUp;
			sourceTree = "<group>";
		};
		E68E42532B754C75006CE026 /* PasswordReset */ = {
			isa = PBXGroup;
			children = (
				E61CE1DF2B45FE66009EB5D6 /* PasswordResetView.swift */,
			);
			path = PasswordReset;
			sourceTree = "<group>";
		};
		E68E42542B754C9C006CE026 /* Authentication Functions */ = {
			isa = PBXGroup;
			children = (
				E61CE1DB2B45FA29009EB5D6 /* UserManager.swift */,
				E61CE1D92B45F9D4009EB5D6 /* AuthState.swift */,
			);
			path = "Authentication Functions";
			sourceTree = "<group>";
		};
		E6D2D36F2B2B93DF0093872A /* Frameworks */ = {
			isa = PBXGroup;
			children = (
				E6D2D3702B2B93DF0093872A /* GoogleService-Info (1).plist */,
			);
			name = Frameworks;
			sourceTree = "<group>";
		};
/* End PBXGroup section */

/* Begin PBXNativeTarget section */
		E670FACA2B268F6D00BB3692 /* CT */ = {
			isa = PBXNativeTarget;
			buildConfigurationList = E670FAF02B268F6F00BB3692 /* Build configuration list for PBXNativeTarget "CT" */;
			buildPhases = (
				E670FAC72B268F6D00BB3692 /* Sources */,
				E670FAC82B268F6D00BB3692 /* Frameworks */,
				E670FAC92B268F6D00BB3692 /* Resources */,
			);
			buildRules = (
			);
			dependencies = (
			);
			name = CT;
			packageProductDependencies = (
				E6D2D35D2B2B8BC90093872A /* FirebaseAnalytics */,
				E6D2D35F2B2B8BC90093872A /* FirebaseAnalyticsOnDeviceConversion */,
				E6D2D3612B2B8BC90093872A /* FirebaseAnalyticsSwift */,
				E6D2D3632B2B8BC90093872A /* FirebaseAuth */,
				E6D2D3652B2B8BC90093872A /* FirebaseDatabase */,
				E6D2D3672B2B8BC90093872A /* FirebaseDatabaseSwift */,
				E6D2D3692B2B8BC90093872A /* FirebaseFirestore */,
				E6D2D36B2B2B8BC90093872A /* FirebaseFirestoreCombine-Community */,
				E6D2D36D2B2B8BC90093872A /* FirebaseFirestoreSwift */,
			);
			productName = CT;
			productReference = E670FACB2B268F6D00BB3692 /* CT.app */;
			productType = "com.apple.product-type.application";
		};
		E670FADB2B268F6F00BB3692 /* CTTests */ = {
			isa = PBXNativeTarget;
			buildConfigurationList = E670FAF32B268F6F00BB3692 /* Build configuration list for PBXNativeTarget "CTTests" */;
			buildPhases = (
				E670FAD82B268F6F00BB3692 /* Sources */,
				E670FAD92B268F6F00BB3692 /* Frameworks */,
				E670FADA2B268F6F00BB3692 /* Resources */,
			);
			buildRules = (
			);
			dependencies = (
				E670FADE2B268F6F00BB3692 /* PBXTargetDependency */,
			);
			name = CTTests;
			productName = CTTests;
			productReference = E670FADC2B268F6F00BB3692 /* CTTests.xctest */;
			productType = "com.apple.product-type.bundle.unit-test";
		};
		E670FAE52B268F6F00BB3692 /* CTUITests */ = {
			isa = PBXNativeTarget;
			buildConfigurationList = E670FAF62B268F6F00BB3692 /* Build configuration list for PBXNativeTarget "CTUITests" */;
			buildPhases = (
				E670FAE22B268F6F00BB3692 /* Sources */,
				E670FAE32B268F6F00BB3692 /* Frameworks */,
				E670FAE42B268F6F00BB3692 /* Resources */,
			);
			buildRules = (
			);
			dependencies = (
				E670FAE82B268F6F00BB3692 /* PBXTargetDependency */,
			);
			name = CTUITests;
			productName = CTUITests;
			productReference = E670FAE62B268F6F00BB3692 /* CTUITests.xctest */;
			productType = "com.apple.product-type.bundle.ui-testing";
		};
/* End PBXNativeTarget section */

/* Begin PBXProject section */
		E670FAC32B268F6D00BB3692 /* Project object */ = {
			isa = PBXProject;
			attributes = {
				BuildIndependentTargetsInParallel = 1;
				LastSwiftUpdateCheck = 1430;
				LastUpgradeCheck = 1510;
				TargetAttributes = {
					E670FACA2B268F6D00BB3692 = {
						CreatedOnToolsVersion = 14.3.1;
					};
					E670FADB2B268F6F00BB3692 = {
						CreatedOnToolsVersion = 14.3.1;
						TestTargetID = E670FACA2B268F6D00BB3692;
					};
					E670FAE52B268F6F00BB3692 = {
						CreatedOnToolsVersion = 14.3.1;
						TestTargetID = E670FACA2B268F6D00BB3692;
					};
				};
			};
			buildConfigurationList = E670FAC62B268F6D00BB3692 /* Build configuration list for PBXProject "CT" */;
			compatibilityVersion = "Xcode 14.0";
			developmentRegion = en;
			hasScannedForEncodings = 0;
			knownRegions = (
				en,
				Base,
			);
			mainGroup = E670FAC22B268F6D00BB3692;
			packageReferences = (
				E6D2D35C2B2B8BC90093872A /* XCRemoteSwiftPackageReference "firebase-ios-sdk" */,
			);
			productRefGroup = E670FACC2B268F6D00BB3692 /* Products */;
			projectDirPath = "";
			projectRoot = "";
			targets = (
				E670FACA2B268F6D00BB3692 /* CT */,
				E670FADB2B268F6F00BB3692 /* CTTests */,
				E670FAE52B268F6F00BB3692 /* CTUITests */,
			);
		};
/* End PBXProject section */

/* Begin PBXResourcesBuildPhase section */
		E670FAC92B268F6D00BB3692 /* Resources */ = {
			isa = PBXResourcesBuildPhase;
			buildActionMask = 2147483647;
			files = (
				E670FAD72B268F6F00BB3692 /* Preview Assets.xcassets in Resources */,
				E670FAD32B268F6F00BB3692 /* Assets.xcassets in Resources */,
				E6D2D3722B2B94460093872A /* GoogleService-Info.plist in Resources */,
			);
			runOnlyForDeploymentPostprocessing = 0;
		};
		E670FADA2B268F6F00BB3692 /* Resources */ = {
			isa = PBXResourcesBuildPhase;
			buildActionMask = 2147483647;
			files = (
			);
			runOnlyForDeploymentPostprocessing = 0;
		};
		E670FAE42B268F6F00BB3692 /* Resources */ = {
			isa = PBXResourcesBuildPhase;
			buildActionMask = 2147483647;
			files = (
			);
			runOnlyForDeploymentPostprocessing = 0;
		};
/* End PBXResourcesBuildPhase section */

/* Begin PBXSourcesBuildPhase section */
		E670FAC72B268F6D00BB3692 /* Sources */ = {
			isa = PBXSourcesBuildPhase;
			buildActionMask = 2147483647;
			files = (
				E60F7C752B3CD43300468BCC /* ProfilePage.swift in Sources */,
				E61CE1DA2B45F9D4009EB5D6 /* AuthState.swift in Sources */,
				A19CCE152B753F5E00D2419A /* LocationReviews.swift in Sources */,
				A180E9862B407F5200B0514A /* DataModels.swift in Sources */,
				E61CE1DC2B45FA29009EB5D6 /* UserManager.swift in Sources */,
				E61CE1E02B45FE66009EB5D6 /* PasswordResetView.swift in Sources */,
				A19CCE172B753FC300D2419A /* SearchPageView.swift in Sources */,
				A1056CC82B3E24A30072E050 /* MapCategoryManager.swift in Sources */,
				A19CCE0B2B6BEFFF00D2419A /* Explore.swift in Sources */,
				A105EBD52B51C8C00001F5C7 /* OldVersionsOfScreens.swift in Sources */,
				A19CCE112B753E6100D2419A /* Map.swift in Sources */,
				A180E98E2B4081DB00B0514A /* ViewModels.swift in Sources */,
				E61CE1E42B4A219C009EB5D6 /* ForumsTemplate.swift in Sources */,
				A19CCE0D2B6BF06700D2419A /* HScroll.swift in Sources */,
				A180E9922B40ABA900B0514A /* ExplorePageViews.swift in Sources */,
				E61CE1E22B460093009EB5D6 /* SignUpView.swift in Sources */,
				E61CE1D82B45F990009EB5D6 /* LoginPageView.swift in Sources */,
				E646D0D92B5B3B5900805CE5 /* MainView.swift in Sources */,
				A19CCE0F2B6BF18900D2419A /* SchoolPage.swift in Sources */,
				A19CCE132B753F2D00D2419A /* LocationInfo.swift in Sources */,
				E670FACF2B268F6D00BB3692 /* CTApp.swift in Sources */,
			);
			runOnlyForDeploymentPostprocessing = 0;
		};
		E670FAD82B268F6F00BB3692 /* Sources */ = {
			isa = PBXSourcesBuildPhase;
			buildActionMask = 2147483647;
			files = (
				E670FAE12B268F6F00BB3692 /* CTTests.swift in Sources */,
			);
			runOnlyForDeploymentPostprocessing = 0;
		};
		E670FAE22B268F6F00BB3692 /* Sources */ = {
			isa = PBXSourcesBuildPhase;
			buildActionMask = 2147483647;
			files = (
				E670FAEB2B268F6F00BB3692 /* CTUITests.swift in Sources */,
				E670FAED2B268F6F00BB3692 /* CTUITestsLaunchTests.swift in Sources */,
			);
			runOnlyForDeploymentPostprocessing = 0;
		};
/* End PBXSourcesBuildPhase section */

/* Begin PBXTargetDependency section */
		E670FADE2B268F6F00BB3692 /* PBXTargetDependency */ = {
			isa = PBXTargetDependency;
			target = E670FACA2B268F6D00BB3692 /* CT */;
			targetProxy = E670FADD2B268F6F00BB3692 /* PBXContainerItemProxy */;
		};
		E670FAE82B268F6F00BB3692 /* PBXTargetDependency */ = {
			isa = PBXTargetDependency;
			target = E670FACA2B268F6D00BB3692 /* CT */;
			targetProxy = E670FAE72B268F6F00BB3692 /* PBXContainerItemProxy */;
		};
/* End PBXTargetDependency section */

/* Begin XCBuildConfiguration section */
		E670FAEE2B268F6F00BB3692 /* Debug */ = {
			isa = XCBuildConfiguration;
			buildSettings = {
				ALWAYS_SEARCH_USER_PATHS = NO;
				CLANG_ANALYZER_NONNULL = YES;
				CLANG_ANALYZER_NUMBER_OBJECT_CONVERSION = YES_AGGRESSIVE;
				CLANG_CXX_LANGUAGE_STANDARD = "gnu++20";
				CLANG_ENABLE_MODULES = YES;
				CLANG_ENABLE_OBJC_ARC = YES;
				CLANG_ENABLE_OBJC_WEAK = YES;
				CLANG_WARN_BLOCK_CAPTURE_AUTORELEASING = YES;
				CLANG_WARN_BOOL_CONVERSION = YES;
				CLANG_WARN_COMMA = YES;
				CLANG_WARN_CONSTANT_CONVERSION = YES;
				CLANG_WARN_DEPRECATED_OBJC_IMPLEMENTATIONS = YES;
				CLANG_WARN_DIRECT_OBJC_ISA_USAGE = YES_ERROR;
				CLANG_WARN_DOCUMENTATION_COMMENTS = YES;
				CLANG_WARN_EMPTY_BODY = YES;
				CLANG_WARN_ENUM_CONVERSION = YES;
				CLANG_WARN_INFINITE_RECURSION = YES;
				CLANG_WARN_INT_CONVERSION = YES;
				CLANG_WARN_NON_LITERAL_NULL_CONVERSION = YES;
				CLANG_WARN_OBJC_IMPLICIT_RETAIN_SELF = YES;
				CLANG_WARN_OBJC_LITERAL_CONVERSION = YES;
				CLANG_WARN_OBJC_ROOT_CLASS = YES_ERROR;
				CLANG_WARN_QUOTED_INCLUDE_IN_FRAMEWORK_HEADER = YES;
				CLANG_WARN_RANGE_LOOP_ANALYSIS = YES;
				CLANG_WARN_STRICT_PROTOTYPES = YES;
				CLANG_WARN_SUSPICIOUS_MOVE = YES;
				CLANG_WARN_UNGUARDED_AVAILABILITY = YES_AGGRESSIVE;
				CLANG_WARN_UNREACHABLE_CODE = YES;
				CLANG_WARN__DUPLICATE_METHOD_MATCH = YES;
				COPY_PHASE_STRIP = NO;
				DEAD_CODE_STRIPPING = YES;
				DEBUG_INFORMATION_FORMAT = dwarf;
				ENABLE_STRICT_OBJC_MSGSEND = YES;
				ENABLE_TESTABILITY = YES;
				ENABLE_USER_SCRIPT_SANDBOXING = YES;
				GCC_C_LANGUAGE_STANDARD = gnu11;
				GCC_DYNAMIC_NO_PIC = NO;
				GCC_NO_COMMON_BLOCKS = YES;
				GCC_OPTIMIZATION_LEVEL = 0;
				GCC_PREPROCESSOR_DEFINITIONS = (
					"DEBUG=1",
					"$(inherited)",
				);
				GCC_WARN_64_TO_32_BIT_CONVERSION = YES;
				GCC_WARN_ABOUT_RETURN_TYPE = YES_ERROR;
				GCC_WARN_UNDECLARED_SELECTOR = YES;
				GCC_WARN_UNINITIALIZED_AUTOS = YES_AGGRESSIVE;
				GCC_WARN_UNUSED_FUNCTION = YES;
				GCC_WARN_UNUSED_VARIABLE = YES;
				MTL_ENABLE_DEBUG_INFO = INCLUDE_SOURCE;
				MTL_FAST_MATH = YES;
				ONLY_ACTIVE_ARCH = YES;
				SWIFT_ACTIVE_COMPILATION_CONDITIONS = DEBUG;
				SWIFT_OPTIMIZATION_LEVEL = "-Onone";
			};
			name = Debug;
		};
		E670FAEF2B268F6F00BB3692 /* Release */ = {
			isa = XCBuildConfiguration;
			buildSettings = {
				ALWAYS_SEARCH_USER_PATHS = NO;
				CLANG_ANALYZER_NONNULL = YES;
				CLANG_ANALYZER_NUMBER_OBJECT_CONVERSION = YES_AGGRESSIVE;
				CLANG_CXX_LANGUAGE_STANDARD = "gnu++20";
				CLANG_ENABLE_MODULES = YES;
				CLANG_ENABLE_OBJC_ARC = YES;
				CLANG_ENABLE_OBJC_WEAK = YES;
				CLANG_WARN_BLOCK_CAPTURE_AUTORELEASING = YES;
				CLANG_WARN_BOOL_CONVERSION = YES;
				CLANG_WARN_COMMA = YES;
				CLANG_WARN_CONSTANT_CONVERSION = YES;
				CLANG_WARN_DEPRECATED_OBJC_IMPLEMENTATIONS = YES;
				CLANG_WARN_DIRECT_OBJC_ISA_USAGE = YES_ERROR;
				CLANG_WARN_DOCUMENTATION_COMMENTS = YES;
				CLANG_WARN_EMPTY_BODY = YES;
				CLANG_WARN_ENUM_CONVERSION = YES;
				CLANG_WARN_INFINITE_RECURSION = YES;
				CLANG_WARN_INT_CONVERSION = YES;
				CLANG_WARN_NON_LITERAL_NULL_CONVERSION = YES;
				CLANG_WARN_OBJC_IMPLICIT_RETAIN_SELF = YES;
				CLANG_WARN_OBJC_LITERAL_CONVERSION = YES;
				CLANG_WARN_OBJC_ROOT_CLASS = YES_ERROR;
				CLANG_WARN_QUOTED_INCLUDE_IN_FRAMEWORK_HEADER = YES;
				CLANG_WARN_RANGE_LOOP_ANALYSIS = YES;
				CLANG_WARN_STRICT_PROTOTYPES = YES;
				CLANG_WARN_SUSPICIOUS_MOVE = YES;
				CLANG_WARN_UNGUARDED_AVAILABILITY = YES_AGGRESSIVE;
				CLANG_WARN_UNREACHABLE_CODE = YES;
				CLANG_WARN__DUPLICATE_METHOD_MATCH = YES;
				COPY_PHASE_STRIP = NO;
				DEAD_CODE_STRIPPING = YES;
				DEBUG_INFORMATION_FORMAT = "dwarf-with-dsym";
				ENABLE_NS_ASSERTIONS = NO;
				ENABLE_STRICT_OBJC_MSGSEND = YES;
				ENABLE_USER_SCRIPT_SANDBOXING = YES;
				GCC_C_LANGUAGE_STANDARD = gnu11;
				GCC_NO_COMMON_BLOCKS = YES;
				GCC_WARN_64_TO_32_BIT_CONVERSION = YES;
				GCC_WARN_ABOUT_RETURN_TYPE = YES_ERROR;
				GCC_WARN_UNDECLARED_SELECTOR = YES;
				GCC_WARN_UNINITIALIZED_AUTOS = YES_AGGRESSIVE;
				GCC_WARN_UNUSED_FUNCTION = YES;
				GCC_WARN_UNUSED_VARIABLE = YES;
				MTL_ENABLE_DEBUG_INFO = NO;
				MTL_FAST_MATH = YES;
				SWIFT_COMPILATION_MODE = wholemodule;
				SWIFT_OPTIMIZATION_LEVEL = "-O";
			};
			name = Release;
		};
		E670FAF12B268F6F00BB3692 /* Debug */ = {
			isa = XCBuildConfiguration;
			buildSettings = {
				ASSETCATALOG_COMPILER_APPICON_NAME = AppIcon;
				ASSETCATALOG_COMPILER_GLOBAL_ACCENT_COLOR_NAME = AccentColor;
				CODE_SIGN_ENTITLEMENTS = CT/CT.entitlements;
				CODE_SIGN_STYLE = Automatic;
				CURRENT_PROJECT_VERSION = 1;
				DEAD_CODE_STRIPPING = YES;
				DEVELOPMENT_ASSET_PATHS = "\"CT/Preview Content\"";
				ENABLE_PREVIEWS = YES;
				GENERATE_INFOPLIST_FILE = YES;
				"INFOPLIST_KEY_UIApplicationSceneManifest_Generation[sdk=iphoneos*]" = YES;
				"INFOPLIST_KEY_UIApplicationSceneManifest_Generation[sdk=iphonesimulator*]" = YES;
				"INFOPLIST_KEY_UIApplicationSupportsIndirectInputEvents[sdk=iphoneos*]" = YES;
				"INFOPLIST_KEY_UIApplicationSupportsIndirectInputEvents[sdk=iphonesimulator*]" = YES;
				"INFOPLIST_KEY_UILaunchScreen_Generation[sdk=iphoneos*]" = YES;
				"INFOPLIST_KEY_UILaunchScreen_Generation[sdk=iphonesimulator*]" = YES;
				"INFOPLIST_KEY_UIStatusBarStyle[sdk=iphoneos*]" = UIStatusBarStyleDefault;
				"INFOPLIST_KEY_UIStatusBarStyle[sdk=iphonesimulator*]" = UIStatusBarStyleDefault;
				INFOPLIST_KEY_UISupportedInterfaceOrientations_iPad = "UIInterfaceOrientationPortrait UIInterfaceOrientationPortraitUpsideDown UIInterfaceOrientationLandscapeLeft UIInterfaceOrientationLandscapeRight";
				INFOPLIST_KEY_UISupportedInterfaceOrientations_iPhone = "UIInterfaceOrientationPortrait UIInterfaceOrientationLandscapeLeft UIInterfaceOrientationLandscapeRight";
				IPHONEOS_DEPLOYMENT_TARGET = 17.0;
				LD_RUNPATH_SEARCH_PATHS = "@executable_path/Frameworks";
				"LD_RUNPATH_SEARCH_PATHS[sdk=macosx*]" = "@executable_path/../Frameworks";
				MACOSX_DEPLOYMENT_TARGET = 13.3;
				MARKETING_VERSION = 1.0;
				PRODUCT_BUNDLE_IDENTIFIER = CT.CollegeTour;
				PRODUCT_NAME = "$(TARGET_NAME)";
				SDKROOT = auto;
				SUPPORTED_PLATFORMS = "iphoneos iphonesimulator macosx";
				SWIFT_EMIT_LOC_STRINGS = YES;
				SWIFT_VERSION = 5.0;
				TARGETED_DEVICE_FAMILY = "1,2";
			};
			name = Debug;
		};
		E670FAF22B268F6F00BB3692 /* Release */ = {
			isa = XCBuildConfiguration;
			buildSettings = {
				ASSETCATALOG_COMPILER_APPICON_NAME = AppIcon;
				ASSETCATALOG_COMPILER_GLOBAL_ACCENT_COLOR_NAME = AccentColor;
				CODE_SIGN_ENTITLEMENTS = CT/CT.entitlements;
				CODE_SIGN_STYLE = Automatic;
				CURRENT_PROJECT_VERSION = 1;
				DEAD_CODE_STRIPPING = YES;
				DEVELOPMENT_ASSET_PATHS = "\"CT/Preview Content\"";
				ENABLE_PREVIEWS = YES;
				GENERATE_INFOPLIST_FILE = YES;
				"INFOPLIST_KEY_UIApplicationSceneManifest_Generation[sdk=iphoneos*]" = YES;
				"INFOPLIST_KEY_UIApplicationSceneManifest_Generation[sdk=iphonesimulator*]" = YES;
				"INFOPLIST_KEY_UIApplicationSupportsIndirectInputEvents[sdk=iphoneos*]" = YES;
				"INFOPLIST_KEY_UIApplicationSupportsIndirectInputEvents[sdk=iphonesimulator*]" = YES;
				"INFOPLIST_KEY_UILaunchScreen_Generation[sdk=iphoneos*]" = YES;
				"INFOPLIST_KEY_UILaunchScreen_Generation[sdk=iphonesimulator*]" = YES;
				"INFOPLIST_KEY_UIStatusBarStyle[sdk=iphoneos*]" = UIStatusBarStyleDefault;
				"INFOPLIST_KEY_UIStatusBarStyle[sdk=iphonesimulator*]" = UIStatusBarStyleDefault;
				INFOPLIST_KEY_UISupportedInterfaceOrientations_iPad = "UIInterfaceOrientationPortrait UIInterfaceOrientationPortraitUpsideDown UIInterfaceOrientationLandscapeLeft UIInterfaceOrientationLandscapeRight";
				INFOPLIST_KEY_UISupportedInterfaceOrientations_iPhone = "UIInterfaceOrientationPortrait UIInterfaceOrientationLandscapeLeft UIInterfaceOrientationLandscapeRight";
				IPHONEOS_DEPLOYMENT_TARGET = 17.0;
				LD_RUNPATH_SEARCH_PATHS = "@executable_path/Frameworks";
				"LD_RUNPATH_SEARCH_PATHS[sdk=macosx*]" = "@executable_path/../Frameworks";
				MACOSX_DEPLOYMENT_TARGET = 13.3;
				MARKETING_VERSION = 1.0;
				PRODUCT_BUNDLE_IDENTIFIER = CT.CollegeTour;
				PRODUCT_NAME = "$(TARGET_NAME)";
				SDKROOT = auto;
				SUPPORTED_PLATFORMS = "iphoneos iphonesimulator macosx";
				SWIFT_EMIT_LOC_STRINGS = YES;
				SWIFT_VERSION = 5.0;
				TARGETED_DEVICE_FAMILY = "1,2";
			};
			name = Release;
		};
		E670FAF42B268F6F00BB3692 /* Debug */ = {
			isa = XCBuildConfiguration;
			buildSettings = {
				ALWAYS_EMBED_SWIFT_STANDARD_LIBRARIES = YES;
				BUNDLE_LOADER = "$(TEST_HOST)";
				CODE_SIGN_STYLE = Automatic;
				CURRENT_PROJECT_VERSION = 1;
				DEAD_CODE_STRIPPING = YES;
				GENERATE_INFOPLIST_FILE = YES;
				IPHONEOS_DEPLOYMENT_TARGET = 16.4;
				MACOSX_DEPLOYMENT_TARGET = 13.3;
				MARKETING_VERSION = 1.0;
				PRODUCT_BUNDLE_IDENTIFIER = "CT-Nato-Griff.CTTests";
				PRODUCT_NAME = "$(TARGET_NAME)";
				SDKROOT = auto;
				SUPPORTED_PLATFORMS = "iphoneos iphonesimulator macosx";
				SWIFT_EMIT_LOC_STRINGS = NO;
				SWIFT_VERSION = 5.0;
				TARGETED_DEVICE_FAMILY = "1,2";
				TEST_HOST = "$(BUILT_PRODUCTS_DIR)/CT.app/$(BUNDLE_EXECUTABLE_FOLDER_PATH)/CT";
			};
			name = Debug;
		};
		E670FAF52B268F6F00BB3692 /* Release */ = {
			isa = XCBuildConfiguration;
			buildSettings = {
				ALWAYS_EMBED_SWIFT_STANDARD_LIBRARIES = YES;
				BUNDLE_LOADER = "$(TEST_HOST)";
				CODE_SIGN_STYLE = Automatic;
				CURRENT_PROJECT_VERSION = 1;
				DEAD_CODE_STRIPPING = YES;
				GENERATE_INFOPLIST_FILE = YES;
				IPHONEOS_DEPLOYMENT_TARGET = 16.4;
				MACOSX_DEPLOYMENT_TARGET = 13.3;
				MARKETING_VERSION = 1.0;
				PRODUCT_BUNDLE_IDENTIFIER = "CT-Nato-Griff.CTTests";
				PRODUCT_NAME = "$(TARGET_NAME)";
				SDKROOT = auto;
				SUPPORTED_PLATFORMS = "iphoneos iphonesimulator macosx";
				SWIFT_EMIT_LOC_STRINGS = NO;
				SWIFT_VERSION = 5.0;
				TARGETED_DEVICE_FAMILY = "1,2";
				TEST_HOST = "$(BUILT_PRODUCTS_DIR)/CT.app/$(BUNDLE_EXECUTABLE_FOLDER_PATH)/CT";
			};
			name = Release;
		};
		E670FAF72B268F6F00BB3692 /* Debug */ = {
			isa = XCBuildConfiguration;
			buildSettings = {
				ALWAYS_EMBED_SWIFT_STANDARD_LIBRARIES = YES;
				CODE_SIGN_STYLE = Automatic;
				CURRENT_PROJECT_VERSION = 1;
				DEAD_CODE_STRIPPING = YES;
				GENERATE_INFOPLIST_FILE = YES;
				IPHONEOS_DEPLOYMENT_TARGET = 16.4;
				MACOSX_DEPLOYMENT_TARGET = 13.3;
				MARKETING_VERSION = 1.0;
				PRODUCT_BUNDLE_IDENTIFIER = "CT-Nato-Griff.CTUITests";
				PRODUCT_NAME = "$(TARGET_NAME)";
				SDKROOT = auto;
				SUPPORTED_PLATFORMS = "iphoneos iphonesimulator macosx";
				SWIFT_EMIT_LOC_STRINGS = NO;
				SWIFT_VERSION = 5.0;
				TARGETED_DEVICE_FAMILY = "1,2";
				TEST_TARGET_NAME = CT;
			};
			name = Debug;
		};
		E670FAF82B268F6F00BB3692 /* Release */ = {
			isa = XCBuildConfiguration;
			buildSettings = {
				ALWAYS_EMBED_SWIFT_STANDARD_LIBRARIES = YES;
				CODE_SIGN_STYLE = Automatic;
				CURRENT_PROJECT_VERSION = 1;
				DEAD_CODE_STRIPPING = YES;
				GENERATE_INFOPLIST_FILE = YES;
				IPHONEOS_DEPLOYMENT_TARGET = 16.4;
				MACOSX_DEPLOYMENT_TARGET = 13.3;
				MARKETING_VERSION = 1.0;
				PRODUCT_BUNDLE_IDENTIFIER = "CT-Nato-Griff.CTUITests";
				PRODUCT_NAME = "$(TARGET_NAME)";
				SDKROOT = auto;
				SUPPORTED_PLATFORMS = "iphoneos iphonesimulator macosx";
				SWIFT_EMIT_LOC_STRINGS = NO;
				SWIFT_VERSION = 5.0;
				TARGETED_DEVICE_FAMILY = "1,2";
				TEST_TARGET_NAME = CT;
			};
			name = Release;
		};
/* End XCBuildConfiguration section */

/* Begin XCConfigurationList section */
		E670FAC62B268F6D00BB3692 /* Build configuration list for PBXProject "CT" */ = {
			isa = XCConfigurationList;
			buildConfigurations = (
				E670FAEE2B268F6F00BB3692 /* Debug */,
				E670FAEF2B268F6F00BB3692 /* Release */,
			);
			defaultConfigurationIsVisible = 0;
			defaultConfigurationName = Release;
		};
		E670FAF02B268F6F00BB3692 /* Build configuration list for PBXNativeTarget "CT" */ = {
			isa = XCConfigurationList;
			buildConfigurations = (
				E670FAF12B268F6F00BB3692 /* Debug */,
				E670FAF22B268F6F00BB3692 /* Release */,
			);
			defaultConfigurationIsVisible = 0;
			defaultConfigurationName = Release;
		};
		E670FAF32B268F6F00BB3692 /* Build configuration list for PBXNativeTarget "CTTests" */ = {
			isa = XCConfigurationList;
			buildConfigurations = (
				E670FAF42B268F6F00BB3692 /* Debug */,
				E670FAF52B268F6F00BB3692 /* Release */,
			);
			defaultConfigurationIsVisible = 0;
			defaultConfigurationName = Release;
		};
		E670FAF62B268F6F00BB3692 /* Build configuration list for PBXNativeTarget "CTUITests" */ = {
			isa = XCConfigurationList;
			buildConfigurations = (
				E670FAF72B268F6F00BB3692 /* Debug */,
				E670FAF82B268F6F00BB3692 /* Release */,
			);
			defaultConfigurationIsVisible = 0;
			defaultConfigurationName = Release;
		};
/* End XCConfigurationList section */

/* Begin XCRemoteSwiftPackageReference section */
		E6D2D35C2B2B8BC90093872A /* XCRemoteSwiftPackageReference "firebase-ios-sdk" */ = {
			isa = XCRemoteSwiftPackageReference;
			repositoryURL = "https://github.com/firebase/firebase-ios-sdk.git";
			requirement = {
				kind = upToNextMajorVersion;
				minimumVersion = 10.19.1;
			};
		};
/* End XCRemoteSwiftPackageReference section */

/* Begin XCSwiftPackageProductDependency section */
		E6D2D35D2B2B8BC90093872A /* FirebaseAnalytics */ = {
			isa = XCSwiftPackageProductDependency;
			package = E6D2D35C2B2B8BC90093872A /* XCRemoteSwiftPackageReference "firebase-ios-sdk" */;
			productName = FirebaseAnalytics;
		};
		E6D2D35F2B2B8BC90093872A /* FirebaseAnalyticsOnDeviceConversion */ = {
			isa = XCSwiftPackageProductDependency;
			package = E6D2D35C2B2B8BC90093872A /* XCRemoteSwiftPackageReference "firebase-ios-sdk" */;
			productName = FirebaseAnalyticsOnDeviceConversion;
		};
		E6D2D3612B2B8BC90093872A /* FirebaseAnalyticsSwift */ = {
			isa = XCSwiftPackageProductDependency;
			package = E6D2D35C2B2B8BC90093872A /* XCRemoteSwiftPackageReference "firebase-ios-sdk" */;
			productName = FirebaseAnalyticsSwift;
		};
		E6D2D3632B2B8BC90093872A /* FirebaseAuth */ = {
			isa = XCSwiftPackageProductDependency;
			package = E6D2D35C2B2B8BC90093872A /* XCRemoteSwiftPackageReference "firebase-ios-sdk" */;
			productName = FirebaseAuth;
		};
		E6D2D3652B2B8BC90093872A /* FirebaseDatabase */ = {
			isa = XCSwiftPackageProductDependency;
			package = E6D2D35C2B2B8BC90093872A /* XCRemoteSwiftPackageReference "firebase-ios-sdk" */;
			productName = FirebaseDatabase;
		};
		E6D2D3672B2B8BC90093872A /* FirebaseDatabaseSwift */ = {
			isa = XCSwiftPackageProductDependency;
			package = E6D2D35C2B2B8BC90093872A /* XCRemoteSwiftPackageReference "firebase-ios-sdk" */;
			productName = FirebaseDatabaseSwift;
		};
		E6D2D3692B2B8BC90093872A /* FirebaseFirestore */ = {
			isa = XCSwiftPackageProductDependency;
			package = E6D2D35C2B2B8BC90093872A /* XCRemoteSwiftPackageReference "firebase-ios-sdk" */;
			productName = FirebaseFirestore;
		};
		E6D2D36B2B2B8BC90093872A /* FirebaseFirestoreCombine-Community */ = {
			isa = XCSwiftPackageProductDependency;
			package = E6D2D35C2B2B8BC90093872A /* XCRemoteSwiftPackageReference "firebase-ios-sdk" */;
			productName = "FirebaseFirestoreCombine-Community";
		};
		E6D2D36D2B2B8BC90093872A /* FirebaseFirestoreSwift */ = {
			isa = XCSwiftPackageProductDependency;
			package = E6D2D35C2B2B8BC90093872A /* XCRemoteSwiftPackageReference "firebase-ios-sdk" */;
			productName = FirebaseFirestoreSwift;
		};
/* End XCSwiftPackageProductDependency section */
	};
	rootObject = E670FAC32B268F6D00BB3692 /* Project object */;
}
